
Microsoft Visual Studio Solution File, Format Version 12.00
# Visual Studio Version 16
VisualStudioVersion = 16.0.28917.182
MinimumVisualStudioVersion = 10.0.40219.1
Project("{FAE04EC0-301F-11D3-BF4B-00C04F79EFBC}") = "WSRDemo2019", "WSRDemo2019\WSRDemo2019.csproj", "{6CC6D785-A1F2-4E83-A22E-A9B35493E556}"
EndProject
Global
	GlobalSection(SolutionConfigurationPlatforms) = preSolution
		Debug|Any CPU = Debug|Any CPU
		Release|Any CPU = Release|Any CPU
	EndGlobalSection
	GlobalSection(ProjectConfigurationPlatforms) = postSolution
		{6CC6D785-A1F2-4E83-A22E-A9B35493E556}.Debug|Any CPU.ActiveCfg = Debug|Any CPU
		{6CC6D785-A1F2-4E83-A22E-A9B35493E556}.Debug|Any CPU.Build.0 = Debug|Any CPU
		{6CC6D785-A1F2-4E83-A22E-A9B35493E556}.Release|Any CPU.ActiveCfg = Release|Any CPU
		{6CC6D785-A1F2-4E83-A22E-A9B35493E556}.Release|Any CPU.Build.0 = Release|Any CPU
	EndGlobalSection
	GlobalSection(SolutionProperties) = preSolution
		HideSolutionNode = FALSE
	EndGlobalSection
	GlobalSection(ExtensibilityGlobals) = postSolution
		SolutionGuid = {5446C2DD-B682-440A-8E9C-49B7C3003139}
	EndGlobalSection
EndGlobal
